// !$*UTF8*$!
{
	archiveVersion = 1;
	classes = {
	};
	objectVersion = 56;
	objects = {

/* Begin PBXBuildFile section */
		8CC6763B2B719A55002687D3 /* mnmlstApp.swift in Sources */ = {isa = PBXBuildFile; fileRef = 8CC6763A2B719A55002687D3 /* mnmlstApp.swift */; };
		8CC6763F2B719A57002687D3 /* Assets.xcassets in Resources */ = {isa = PBXBuildFile; fileRef = 8CC6763E2B719A57002687D3 /* Assets.xcassets */; };
		8CC676422B719A57002687D3 /* Preview Assets.xcassets in Resources */ = {isa = PBXBuildFile; fileRef = 8CC676412B719A57002687D3 /* Preview Assets.xcassets */; };
		8CC6764C2B719A57002687D3 /* mnmlstTests.swift in Sources */ = {isa = PBXBuildFile; fileRef = 8CC6764B2B719A57002687D3 /* mnmlstTests.swift */; };
		8CC676562B719A57002687D3 /* mnmlstUITests.swift in Sources */ = {isa = PBXBuildFile; fileRef = 8CC676552B719A57002687D3 /* mnmlstUITests.swift */; };
		8CC676582B719A57002687D3 /* mnmlstUITestsLaunchTests.swift in Sources */ = {isa = PBXBuildFile; fileRef = 8CC676572B719A57002687D3 /* mnmlstUITestsLaunchTests.swift */; };
		8CC676682B719B02002687D3 /* ItemModel.swift in Sources */ = {isa = PBXBuildFile; fileRef = 8CC676672B719B02002687D3 /* ItemModel.swift */; };
		8CC6766A2B719BEE002687D3 /* ListViewModel.swift in Sources */ = {isa = PBXBuildFile; fileRef = 8CC676692B719BEE002687D3 /* ListViewModel.swift */; };
		8CC6766C2B71A4F0002687D3 /* ListRowView.swift in Sources */ = {isa = PBXBuildFile; fileRef = 8CC6766B2B71A4F0002687D3 /* ListRowView.swift */; };
		8CC6766E2B71A912002687D3 /* ListView.swift in Sources */ = {isa = PBXBuildFile; fileRef = 8CC6766D2B71A912002687D3 /* ListView.swift */; };
		8CC676702B71AF78002687D3 /* AddView.swift in Sources */ = {isa = PBXBuildFile; fileRef = 8CC6766F2B71AF78002687D3 /* AddView.swift */; };
/* End PBXBuildFile section */

/* Begin PBXContainerItemProxy section */
		8CC676482B719A57002687D3 /* PBXContainerItemProxy */ = {
			isa = PBXContainerItemProxy;
			containerPortal = 8CC6762F2B719A55002687D3 /* Project object */;
			proxyType = 1;
			remoteGlobalIDString = 8CC676362B719A55002687D3;
			remoteInfo = mnmlst;
		};
		8CC676522B719A57002687D3 /* PBXContainerItemProxy */ = {
			isa = PBXContainerItemProxy;
			containerPortal = 8CC6762F2B719A55002687D3 /* Project object */;
			proxyType = 1;
			remoteGlobalIDString = 8CC676362B719A55002687D3;
			remoteInfo = mnmlst;
		};
/* End PBXContainerItemProxy section */

/* Begin PBXFileReference section */
		8CC676372B719A55002687D3 /* mnmlst.app */ = {isa = PBXFileReference; explicitFileType = wrapper.application; includeInIndex = 0; path = mnmlst.app; sourceTree = BUILT_PRODUCTS_DIR; };
		8CC6763A2B719A55002687D3 /* mnmlstApp.swift */ = {isa = PBXFileReference; lastKnownFileType = sourcecode.swift; path = mnmlstApp.swift; sourceTree = "<group>"; };
		8CC6763E2B719A57002687D3 /* Assets.xcassets */ = {isa = PBXFileReference; lastKnownFileType = folder.assetcatalog; path = Assets.xcassets; sourceTree = "<group>"; };
		8CC676412B719A57002687D3 /* Preview Assets.xcassets */ = {isa = PBXFileReference; lastKnownFileType = folder.assetcatalog; path = "Preview Assets.xcassets"; sourceTree = "<group>"; };
		8CC676472B719A57002687D3 /* mnmlstTests.xctest */ = {isa = PBXFileReference; explicitFileType = wrapper.cfbundle; includeInIndex = 0; path = mnmlstTests.xctest; sourceTree = BUILT_PRODUCTS_DIR; };
		8CC6764B2B719A57002687D3 /* mnmlstTests.swift */ = {isa = PBXFileReference; lastKnownFileType = sourcecode.swift; path = mnmlstTests.swift; sourceTree = "<group>"; };
		8CC676512B719A57002687D3 /* mnmlstUITests.xctest */ = {isa = PBXFileReference; explicitFileType = wrapper.cfbundle; includeInIndex = 0; path = mnmlstUITests.xctest; sourceTree = BUILT_PRODUCTS_DIR; };
		8CC676552B719A57002687D3 /* mnmlstUITests.swift */ = {isa = PBXFileReference; lastKnownFileType = sourcecode.swift; path = mnmlstUITests.swift; sourceTree = "<group>"; };
		8CC676572B719A57002687D3 /* mnmlstUITestsLaunchTests.swift */ = {isa = PBXFileReference; lastKnownFileType = sourcecode.swift; path = mnmlstUITestsLaunchTests.swift; sourceTree = "<group>"; };
		8CC676672B719B02002687D3 /* ItemModel.swift */ = {isa = PBXFileReference; lastKnownFileType = sourcecode.swift; path = ItemModel.swift; sourceTree = "<group>"; };
		8CC676692B719BEE002687D3 /* ListViewModel.swift */ = {isa = PBXFileReference; lastKnownFileType = sourcecode.swift; path = ListViewModel.swift; sourceTree = "<group>"; };
		8CC6766B2B71A4F0002687D3 /* ListRowView.swift */ = {isa = PBXFileReference; lastKnownFileType = sourcecode.swift; path = ListRowView.swift; sourceTree = "<group>"; };
		8CC6766D2B71A912002687D3 /* ListView.swift */ = {isa = PBXFileReference; lastKnownFileType = sourcecode.swift; path = ListView.swift; sourceTree = "<group>"; };
		8CC6766F2B71AF78002687D3 /* AddView.swift */ = {isa = PBXFileReference; lastKnownFileType = sourcecode.swift; path = AddView.swift; sourceTree = "<group>"; };
/* End PBXFileReference section */

/* Begin PBXFrameworksBuildPhase section */
		8CC676342B719A55002687D3 /* Frameworks */ = {
			isa = PBXFrameworksBuildPhase;
			buildActionMask = 2147483647;
			files = (
			);
			runOnlyForDeploymentPostprocessing = 0;
		};
		8CC676442B719A57002687D3 /* Frameworks */ = {
			isa = PBXFrameworksBuildPhase;
			buildActionMask = 2147483647;
			files = (
			);
			runOnlyForDeploymentPostprocessing = 0;
		};
		8CC6764E2B719A57002687D3 /* Frameworks */ = {
			isa = PBXFrameworksBuildPhase;
			buildActionMask = 2147483647;
			files = (
			);
			runOnlyForDeploymentPostprocessing = 0;
		};
/* End PBXFrameworksBuildPhase section */

/* Begin PBXGroup section */
		8CC6762E2B719A55002687D3 = {
			isa = PBXGroup;
			children = (
				8CC676392B719A55002687D3 /* mnmlst */,
				8CC6764A2B719A57002687D3 /* mnmlstTests */,
				8CC676542B719A57002687D3 /* mnmlstUITests */,
				8CC676382B719A55002687D3 /* Products */,
			);
			sourceTree = "<group>";
		};
		8CC676382B719A55002687D3 /* Products */ = {
			isa = PBXGroup;
			children = (
				8CC676372B719A55002687D3 /* mnmlst.app */,
				8CC676472B719A57002687D3 /* mnmlstTests.xctest */,
				8CC676512B719A57002687D3 /* mnmlstUITests.xctest */,
			);
			name = Products;
			sourceTree = "<group>";
		};
		8CC676392B719A55002687D3 /* mnmlst */ = {
			isa = PBXGroup;
			children = (
				8CC6763A2B719A55002687D3 /* mnmlstApp.swift */,
				8CC676642B719A71002687D3 /* Models */,
				8CC676652B719A8E002687D3 /* Views */,
				8CC676662B719AB0002687D3 /* ViewModels */,
				8CC6763E2B719A57002687D3 /* Assets.xcassets */,
				8CC676402B719A57002687D3 /* Preview Content */,
			);
			path = mnmlst;
			sourceTree = "<group>";
		};
		8CC676402B719A57002687D3 /* Preview Content */ = {
			isa = PBXGroup;
			children = (
				8CC676412B719A57002687D3 /* Preview Assets.xcassets */,
			);
			path = "Preview Content";
			sourceTree = "<group>";
		};
		8CC6764A2B719A57002687D3 /* mnmlstTests */ = {
			isa = PBXGroup;
			children = (
				8CC6764B2B719A57002687D3 /* mnmlstTests.swift */,
			);
			path = mnmlstTests;
			sourceTree = "<group>";
		};
		8CC676542B719A57002687D3 /* mnmlstUITests */ = {
			isa = PBXGroup;
			children = (
				8CC676552B719A57002687D3 /* mnmlstUITests.swift */,
				8CC676572B719A57002687D3 /* mnmlstUITestsLaunchTests.swift */,
			);
			path = mnmlstUITests;
			sourceTree = "<group>";
		};
		8CC676642B719A71002687D3 /* Models */ = {
			isa = PBXGroup;
			children = (
				8CC676672B719B02002687D3 /* ItemModel.swift */,
			);
			path = Models;
			sourceTree = "<group>";
		};
		8CC676652B719A8E002687D3 /* Views */ = {
			isa = PBXGroup;
			children = (
				8CC6766B2B71A4F0002687D3 /* ListRowView.swift */,
				8CC6766D2B71A912002687D3 /* ListView.swift */,
				8CC6766F2B71AF78002687D3 /* AddView.swift */,
			);
			path = Views;
			sourceTree = "<group>";
		};
		8CC676662B719AB0002687D3 /* ViewModels */ = {
			isa = PBXGroup;
			children = (
				8CC676692B719BEE002687D3 /* ListViewModel.swift */,
			);
			path = ViewModels;
			sourceTree = "<group>";
		};
/* End PBXGroup section */

/* Begin PBXNativeTarget section */
		8CC676362B719A55002687D3 /* mnmlst */ = {
			isa = PBXNativeTarget;
			buildConfigurationList = 8CC6765B2B719A57002687D3 /* Build configuration list for PBXNativeTarget "mnmlst" */;
			buildPhases = (
				8CC676332B719A55002687D3 /* Sources */,
				8CC676342B719A55002687D3 /* Frameworks */,
				8CC676352B719A55002687D3 /* Resources */,
			);
			buildRules = (
			);
			dependencies = (
			);
			name = mnmlst;
			productName = mnmlst;
			productReference = 8CC676372B719A55002687D3 /* mnmlst.app */;
			productType = "com.apple.product-type.application";
		};
		8CC676462B719A57002687D3 /* mnmlstTests */ = {
			isa = PBXNativeTarget;
			buildConfigurationList = 8CC6765E2B719A57002687D3 /* Build configuration list for PBXNativeTarget "mnmlstTests" */;
			buildPhases = (
				8CC676432B719A57002687D3 /* Sources */,
				8CC676442B719A57002687D3 /* Frameworks */,
				8CC676452B719A57002687D3 /* Resources */,
			);
			buildRules = (
			);
			dependencies = (
				8CC676492B719A57002687D3 /* PBXTargetDependency */,
			);
			name = mnmlstTests;
			productName = mnmlstTests;
			productReference = 8CC676472B719A57002687D3 /* mnmlstTests.xctest */;
			productType = "com.apple.product-type.bundle.unit-test";
		};
		8CC676502B719A57002687D3 /* mnmlstUITests */ = {
			isa = PBXNativeTarget;
			buildConfigurationList = 8CC676612B719A57002687D3 /* Build configuration list for PBXNativeTarget "mnmlstUITests" */;
			buildPhases = (
				8CC6764D2B719A57002687D3 /* Sources */,
				8CC6764E2B719A57002687D3 /* Frameworks */,
				8CC6764F2B719A57002687D3 /* Resources */,
			);
			buildRules = (
			);
			dependencies = (
				8CC676532B719A57002687D3 /* PBXTargetDependency */,
			);
			name = mnmlstUITests;
			productName = mnmlstUITests;
			productReference = 8CC676512B719A57002687D3 /* mnmlstUITests.xctest */;
			productType = "com.apple.product-type.bundle.ui-testing";
		};
/* End PBXNativeTarget section */

/* Begin PBXProject section */
		8CC6762F2B719A55002687D3 /* Project object */ = {
			isa = PBXProject;
			attributes = {
				BuildIndependentTargetsInParallel = 1;
				LastSwiftUpdateCheck = 1520;
				LastUpgradeCheck = 1520;
				TargetAttributes = {
					8CC676362B719A55002687D3 = {
						CreatedOnToolsVersion = 15.2;
					};
					8CC676462B719A57002687D3 = {
						CreatedOnToolsVersion = 15.2;
						TestTargetID = 8CC676362B719A55002687D3;
					};
					8CC676502B719A57002687D3 = {
						CreatedOnToolsVersion = 15.2;
						TestTargetID = 8CC676362B719A55002687D3;
					};
				};
			};
			buildConfigurationList = 8CC676322B719A55002687D3 /* Build configuration list for PBXProject "mnmlst" */;
			compatibilityVersion = "Xcode 14.0";
			developmentRegion = en;
			hasScannedForEncodings = 0;
			knownRegions = (
				en,
				Base,
			);
			mainGroup = 8CC6762E2B719A55002687D3;
			productRefGroup = 8CC676382B719A55002687D3 /* Products */;
			projectDirPath = "";
			projectRoot = "";
			targets = (
				8CC676362B719A55002687D3 /* mnmlst */,
				8CC676462B719A57002687D3 /* mnmlstTests */,
				8CC676502B719A57002687D3 /* mnmlstUITests */,
			);
		};
/* End PBXProject section */

/* Begin PBXResourcesBuildPhase section */
		8CC676352B719A55002687D3 /* Resources */ = {
			isa = PBXResourcesBuildPhase;
			buildActionMask = 2147483647;
			files = (
				8CC676422B719A57002687D3 /* Preview Assets.xcassets in Resources */,
				8CC6763F2B719A57002687D3 /* Assets.xcassets in Resources */,
			);
			runOnlyForDeploymentPostprocessing = 0;
		};
		8CC676452B719A57002687D3 /* Resources */ = {
			isa = PBXResourcesBuildPhase;
			buildActionMask = 2147483647;
			files = (
			);
			runOnlyForDeploymentPostprocessing = 0;
		};
		8CC6764F2B719A57002687D3 /* Resources */ = {
			isa = PBXResourcesBuildPhase;
			buildActionMask = 2147483647;
			files = (
			);
			runOnlyForDeploymentPostprocessing = 0;
		};
/* End PBXResourcesBuildPhase section */

/* Begin PBXSourcesBuildPhase section */
		8CC676332B719A55002687D3 /* Sources */ = {
			isa = PBXSourcesBuildPhase;
			buildActionMask = 2147483647;
			files = (
				8CC676682B719B02002687D3 /* ItemModel.swift in Sources */,
				8CC6766C2B71A4F0002687D3 /* ListRowView.swift in Sources */,
				8CC676702B71AF78002687D3 /* AddView.swift in Sources */,
				8CC6766E2B71A912002687D3 /* ListView.swift in Sources */,
				8CC6766A2B719BEE002687D3 /* ListViewModel.swift in Sources */,
				8CC6763B2B719A55002687D3 /* mnmlstApp.swift in Sources */,
			);
			runOnlyForDeploymentPostprocessing = 0;
		};
		8CC676432B719A57002687D3 /* Sources */ = {
			isa = PBXSourcesBuildPhase;
			buildActionMask = 2147483647;
			files = (
				8CC6764C2B719A57002687D3 /* mnmlstTests.swift in Sources */,
			);
			runOnlyForDeploymentPostprocessing = 0;
		};
		8CC6764D2B719A57002687D3 /* Sources */ = {
			isa = PBXSourcesBuildPhase;
			buildActionMask = 2147483647;
			files = (
				8CC676562B719A57002687D3 /* mnmlstUITests.swift in Sources */,
				8CC676582B719A57002687D3 /* mnmlstUITestsLaunchTests.swift in Sources */,
			);
			runOnlyForDeploymentPostprocessing = 0;
		};
/* End PBXSourcesBuildPhase section */

/* Begin PBXTargetDependency section */
		8CC676492B719A57002687D3 /* PBXTargetDependency */ = {
			isa = PBXTargetDependency;
			target = 8CC676362B719A55002687D3 /* mnmlst */;
			targetProxy = 8CC676482B719A57002687D3 /* PBXContainerItemProxy */;
		};
		8CC676532B719A57002687D3 /* PBXTargetDependency */ = {
			isa = PBXTargetDependency;
			target = 8CC676362B719A55002687D3 /* mnmlst */;
			targetProxy = 8CC676522B719A57002687D3 /* PBXContainerItemProxy */;
		};
/* End PBXTargetDependency section */

/* Begin XCBuildConfiguration section */
		8CC676592B719A57002687D3 /* Debug */ = {
			isa = XCBuildConfiguration;
			buildSettings = {
				ALWAYS_SEARCH_USER_PATHS = NO;
				ASSETCATALOG_COMPILER_GENERATE_SWIFT_ASSET_SYMBOL_EXTENSIONS = YES;
				CLANG_ANALYZER_NONNULL = YES;
				CLANG_ANALYZER_NUMBER_OBJECT_CONVERSION = YES_AGGRESSIVE;
				CLANG_CXX_LANGUAGE_STANDARD = "gnu++20";
				CLANG_ENABLE_MODULES = YES;
				CLANG_ENABLE_OBJC_ARC = YES;
				CLANG_ENABLE_OBJC_WEAK = YES;
				CLANG_WARN_BLOCK_CAPTURE_AUTORELEASING = YES;
				CLANG_WARN_BOOL_CONVERSION = YES;
				CLANG_WARN_COMMA = YES;
				CLANG_WARN_CONSTANT_CONVERSION = YES;
				CLANG_WARN_DEPRECATED_OBJC_IMPLEMENTATIONS = YES;
				CLANG_WARN_DIRECT_OBJC_ISA_USAGE = YES_ERROR;
				CLANG_WARN_DOCUMENTATION_COMMENTS = YES;
				CLANG_WARN_EMPTY_BODY = YES;
				CLANG_WARN_ENUM_CONVERSION = YES;
				CLANG_WARN_INFINITE_RECURSION = YES;
				CLANG_WARN_INT_CONVERSION = YES;
				CLANG_WARN_NON_LITERAL_NULL_CONVERSION = YES;
				CLANG_WARN_OBJC_IMPLICIT_RETAIN_SELF = YES;
				CLANG_WARN_OBJC_LITERAL_CONVERSION = YES;
				CLANG_WARN_OBJC_ROOT_CLASS = YES_ERROR;
				CLANG_WARN_QUOTED_INCLUDE_IN_FRAMEWORK_HEADER = YES;
				CLANG_WARN_RANGE_LOOP_ANALYSIS = YES;
				CLANG_WARN_STRICT_PROTOTYPES = YES;
				CLANG_WARN_SUSPICIOUS_MOVE = YES;
				CLANG_WARN_UNGUARDED_AVAILABILITY = YES_AGGRESSIVE;
				CLANG_WARN_UNREACHABLE_CODE = YES;
				CLANG_WARN__DUPLICATE_METHOD_MATCH = YES;
				COPY_PHASE_STRIP = NO;
				DEBUG_INFORMATION_FORMAT = dwarf;
				ENABLE_STRICT_OBJC_MSGSEND = YES;
				ENABLE_TESTABILITY = YES;
				ENABLE_USER_SCRIPT_SANDBOXING = YES;
				GCC_C_LANGUAGE_STANDARD = gnu17;
				GCC_DYNAMIC_NO_PIC = NO;
				GCC_NO_COMMON_BLOCKS = YES;
				GCC_OPTIMIZATION_LEVEL = 0;
				GCC_PREPROCESSOR_DEFINITIONS = (
					"DEBUG=1",
					"$(inherited)",
				);
				GCC_WARN_64_TO_32_BIT_CONVERSION = YES;
				GCC_WARN_ABOUT_RETURN_TYPE = YES_ERROR;
				GCC_WARN_UNDECLARED_SELECTOR = YES;
				GCC_WARN_UNINITIALIZED_AUTOS = YES_AGGRESSIVE;
				GCC_WARN_UNUSED_FUNCTION = YES;
				GCC_WARN_UNUSED_VARIABLE = YES;
				IPHONEOS_DEPLOYMENT_TARGET = 17.2;
				LOCALIZATION_PREFERS_STRING_CATALOGS = YES;
				MTL_ENABLE_DEBUG_INFO = INCLUDE_SOURCE;
				MTL_FAST_MATH = YES;
				ONLY_ACTIVE_ARCH = YES;
				SDKROOT = iphoneos;
				SWIFT_ACTIVE_COMPILATION_CONDITIONS = "DEBUG $(inherited)";
				SWIFT_OPTIMIZATION_LEVEL = "-Onone";
			};
			name = Debug;
		};
		8CC6765A2B719A57002687D3 /* Release */ = {
			isa = XCBuildConfiguration;
			buildSettings = {
				ALWAYS_SEARCH_USER_PATHS = NO;
				ASSETCATALOG_COMPILER_GENERATE_SWIFT_ASSET_SYMBOL_EXTENSIONS = YES;
				CLANG_ANALYZER_NONNULL = YES;
				CLANG_ANALYZER_NUMBER_OBJECT_CONVERSION = YES_AGGRESSIVE;
				CLANG_CXX_LANGUAGE_STANDARD = "gnu++20";
				CLANG_ENABLE_MODULES = YES;
				CLANG_ENABLE_OBJC_ARC = YES;
				CLANG_ENABLE_OBJC_WEAK = YES;
				CLANG_WARN_BLOCK_CAPTURE_AUTORELEASING = YES;
				CLANG_WARN_BOOL_CONVERSION = YES;
				CLANG_WARN_COMMA = YES;
				CLANG_WARN_CONSTANT_CONVERSION = YES;
				CLANG_WARN_DEPRECATED_OBJC_IMPLEMENTATIONS = YES;
				CLANG_WARN_DIRECT_OBJC_ISA_USAGE = YES_ERROR;
				CLANG_WARN_DOCUMENTATION_COMMENTS = YES;
				CLANG_WARN_EMPTY_BODY = YES;
				CLANG_WARN_ENUM_CONVERSION = YES;
				CLANG_WARN_INFINITE_RECURSION = YES;
				CLANG_WARN_INT_CONVERSION = YES;
				CLANG_WARN_NON_LITERAL_NULL_CONVERSION = YES;
				CLANG_WARN_OBJC_IMPLICIT_RETAIN_SELF = YES;
				CLANG_WARN_OBJC_LITERAL_CONVERSION = YES;
				CLANG_WARN_OBJC_ROOT_CLASS = YES_ERROR;
				CLANG_WARN_QUOTED_INCLUDE_IN_FRAMEWORK_HEADER = YES;
				CLANG_WARN_RANGE_LOOP_ANALYSIS = YES;
				CLANG_WARN_STRICT_PROTOTYPES = YES;
				CLANG_WARN_SUSPICIOUS_MOVE = YES;
				CLANG_WARN_UNGUARDED_AVAILABILITY = YES_AGGRESSIVE;
				CLANG_WARN_UNREACHABLE_CODE = YES;
				CLANG_WARN__DUPLICATE_METHOD_MATCH = YES;
				COPY_PHASE_STRIP = NO;
				DEBUG_INFORMATION_FORMAT = "dwarf-with-dsym";
				ENABLE_NS_ASSERTIONS = NO;
				ENABLE_STRICT_OBJC_MSGSEND = YES;
				ENABLE_USER_SCRIPT_SANDBOXING = YES;
				GCC_C_LANGUAGE_STANDARD = gnu17;
				GCC_NO_COMMON_BLOCKS = YES;
				GCC_WARN_64_TO_32_BIT_CONVERSION = YES;
				GCC_WARN_ABOUT_RETURN_TYPE = YES_ERROR;
				GCC_WARN_UNDECLARED_SELECTOR = YES;
				GCC_WARN_UNINITIALIZED_AUTOS = YES_AGGRESSIVE;
				GCC_WARN_UNUSED_FUNCTION = YES;
				GCC_WARN_UNUSED_VARIABLE = YES;
				IPHONEOS_DEPLOYMENT_TARGET = 17.2;
				LOCALIZATION_PREFERS_STRING_CATALOGS = YES;
				MTL_ENABLE_DEBUG_INFO = NO;
				MTL_FAST_MATH = YES;
				SDKROOT = iphoneos;
				SWIFT_COMPILATION_MODE = wholemodule;
				VALIDATE_PRODUCT = YES;
			};
			name = Release;
		};
		8CC6765C2B719A57002687D3 /* Debug */ = {
			isa = XCBuildConfiguration;
			buildSettings = {
				ASSETCATALOG_COMPILER_APPICON_NAME = AppIcon;
				ASSETCATALOG_COMPILER_GLOBAL_ACCENT_COLOR_NAME = AccentColor;
				CODE_SIGN_STYLE = Automatic;
				CURRENT_PROJECT_VERSION = 1;
				DEVELOPMENT_ASSET_PATHS = "\"mnmlst/Preview Content\"";
				DEVELOPMENT_TEAM = YPKQSVMDVP;
				ENABLE_PREVIEWS = YES;
				GENERATE_INFOPLIST_FILE = YES;
				INFOPLIST_KEY_UIApplicationSceneManifest_Generation = YES;
				INFOPLIST_KEY_UIApplicationSupportsIndirectInputEvents = YES;
				INFOPLIST_KEY_UILaunchScreen_Generation = YES;
				INFOPLIST_KEY_UISupportedInterfaceOrientations_iPad = "UIInterfaceOrientationPortrait UIInterfaceOrientationPortraitUpsideDown UIInterfaceOrientationLandscapeLeft UIInterfaceOrientationLandscapeRight";
				INFOPLIST_KEY_UISupportedInterfaceOrientations_iPhone = "UIInterfaceOrientationPortrait UIInterfaceOrientationLandscapeLeft UIInterfaceOrientationLandscapeRight";
				LD_RUNPATH_SEARCH_PATHS = (
					"$(inherited)",
					"@executable_path/Frameworks",
				);
				MARKETING_VERSION = 1.0;
				PRODUCT_BUNDLE_IDENTIFIER = com.imac24.mnmlst;
				PRODUCT_NAME = "$(TARGET_NAME)";
				SWIFT_EMIT_LOC_STRINGS = YES;
				SWIFT_VERSION = 5.0;
				TARGETED_DEVICE_FAMILY = "1,2";
			};
			name = Debug;
		};
		8CC6765D2B719A57002687D3 /* Release */ = {
			isa = XCBuildConfiguration;
			buildSettings = {
				ASSETCATALOG_COMPILER_APPICON_NAME = AppIcon;
				ASSETCATALOG_COMPILER_GLOBAL_ACCENT_COLOR_NAME = AccentColor;
				CODE_SIGN_STYLE = Automatic;
				CURRENT_PROJECT_VERSION = 1;
				DEVELOPMENT_ASSET_PATHS = "\"mnmlst/Preview Content\"";
				DEVELOPMENT_TEAM = YPKQSVMDVP;
				ENABLE_PREVIEWS = YES;
				GENERATE_INFOPLIST_FILE = YES;
				INFOPLIST_KEY_UIApplicationSceneManifest_Generation = YES;
				INFOPLIST_KEY_UIApplicationSupportsIndirectInputEvents = YES;
				INFOPLIST_KEY_UILaunchScreen_Generation = YES;
				INFOPLIST_KEY_UISupportedInterfaceOrientations_iPad = "UIInterfaceOrientationPortrait UIInterfaceOrientationPortraitUpsideDown UIInterfaceOrientationLandscapeLeft UIInterfaceOrientationLandscapeRight";
				INFOPLIST_KEY_UISupportedInterfaceOrientations_iPhone = "UIInterfaceOrientationPortrait UIInterfaceOrientationLandscapeLeft UIInterfaceOrientationLandscapeRight";
				LD_RUNPATH_SEARCH_PATHS = (
					"$(inherited)",
					"@executable_path/Frameworks",
				);
				MARKETING_VERSION = 1.0;
				PRODUCT_BUNDLE_IDENTIFIER = com.imac24.mnmlst;
				PRODUCT_NAME = "$(TARGET_NAME)";
				SWIFT_EMIT_LOC_STRINGS = YES;
				SWIFT_VERSION = 5.0;
				TARGETED_DEVICE_FAMILY = "1,2";
			};
			name = Release;
		};
		8CC6765F2B719A57002687D3 /* Debug */ = {
			isa = XCBuildConfiguration;
			buildSettings = {
				ALWAYS_EMBED_SWIFT_STANDARD_LIBRARIES = YES;
				BUNDLE_LOADER = "$(TEST_HOST)";
				CODE_SIGN_STYLE = Automatic;
				CURRENT_PROJECT_VERSION = 1;
				DEVELOPMENT_TEAM = YPKQSVMDVP;
				GENERATE_INFOPLIST_FILE = YES;
				IPHONEOS_DEPLOYMENT_TARGET = 17.2;
				MARKETING_VERSION = 1.0;
				PRODUCT_BUNDLE_IDENTIFIER = imac24.mnmlstTests;
				PRODUCT_NAME = "$(TARGET_NAME)";
				SWIFT_EMIT_LOC_STRINGS = NO;
				SWIFT_VERSION = 5.0;
				TARGETED_DEVICE_FAMILY = "1,2";
				TEST_HOST = "$(BUILT_PRODUCTS_DIR)/mnmlst.app/$(BUNDLE_EXECUTABLE_FOLDER_PATH)/mnmlst";
			};
			name = Debug;
		};
		8CC676602B719A57002687D3 /* Release */ = {
			isa = XCBuildConfiguration;
			buildSettings = {
				ALWAYS_EMBED_SWIFT_STANDARD_LIBRARIES = YES;
				BUNDLE_LOADER = "$(TEST_HOST)";
				CODE_SIGN_STYLE = Automatic;
				CURRENT_PROJECT_VERSION = 1;
				DEVELOPMENT_TEAM = YPKQSVMDVP;
				GENERATE_INFOPLIST_FILE = YES;
				IPHONEOS_DEPLOYMENT_TARGET = 17.2;
				MARKETING_VERSION = 1.0;
				PRODUCT_BUNDLE_IDENTIFIER = imac24.mnmlstTests;
				PRODUCT_NAME = "$(TARGET_NAME)";
				SWIFT_EMIT_LOC_STRINGS = NO;
				SWIFT_VERSION = 5.0;
				TARGETED_DEVICE_FAMILY = "1,2";
				TEST_HOST = "$(BUILT_PRODUCTS_DIR)/mnmlst.app/$(BUNDLE_EXECUTABLE_FOLDER_PATH)/mnmlst";
			};
			name = Release;
		};
		8CC676622B719A57002687D3 /* Debug */ = {
			isa = XCBuildConfiguration;
			buildSettings = {
				ALWAYS_EMBED_SWIFT_STANDARD_LIBRARIES = YES;
				CODE_SIGN_STYLE = Automatic;
				CURRENT_PROJECT_VERSION = 1;
				DEVELOPMENT_TEAM = YPKQSVMDVP;
				GENERATE_INFOPLIST_FILE = YES;
				MARKETING_VERSION = 1.0;
				PRODUCT_BUNDLE_IDENTIFIER = imac24.mnmlstUITests;
				PRODUCT_NAME = "$(TARGET_NAME)";
				SWIFT_EMIT_LOC_STRINGS = NO;
				SWIFT_VERSION = 5.0;
				TARGETED_DEVICE_FAMILY = "1,2";
				TEST_TARGET_NAME = mnmlst;
			};
			name = Debug;
		};
		8CC676632B719A57002687D3 /* Release */ = {
			isa = XCBuildConfiguration;
			buildSettings = {
				ALWAYS_EMBED_SWIFT_STANDARD_LIBRARIES = YES;
				CODE_SIGN_STYLE = Automatic;
				CURRENT_PROJECT_VERSION = 1;
				DEVELOPMENT_TEAM = YPKQSVMDVP;
				GENERATE_INFOPLIST_FILE = YES;
				MARKETING_VERSION = 1.0;
				PRODUCT_BUNDLE_IDENTIFIER = imac24.mnmlstUITests;
				PRODUCT_NAME = "$(TARGET_NAME)";
				SWIFT_EMIT_LOC_STRINGS = NO;
				SWIFT_VERSION = 5.0;
				TARGETED_DEVICE_FAMILY = "1,2";
				TEST_TARGET_NAME = mnmlst;
			};
			name = Release;
		};
/* End XCBuildConfiguration section */

/* Begin XCConfigurationList section */
		8CC676322B719A55002687D3 /* Build configuration list for PBXProject "mnmlst" */ = {
			isa = XCConfigurationList;
			buildConfigurations = (
				8CC676592B719A57002687D3 /* Debug */,
				8CC6765A2B719A57002687D3 /* Release */,
			);
			defaultConfigurationIsVisible = 0;
			defaultConfigurationName = Release;
		};
		8CC6765B2B719A57002687D3 /* Build configuration list for PBXNativeTarget "mnmlst" */ = {
			isa = XCConfigurationList;
			buildConfigurations = (
				8CC6765C2B719A57002687D3 /* Debug */,
				8CC6765D2B719A57002687D3 /* Release */,
			);
			defaultConfigurationIsVisible = 0;
			defaultConfigurationName = Release;
		};
		8CC6765E2B719A57002687D3 /* Build configuration list for PBXNativeTarget "mnmlstTests" */ = {
			isa = XCConfigurationList;
			buildConfigurations = (
				8CC6765F2B719A57002687D3 /* Debug */,
				8CC676602B719A57002687D3 /* Release */,
			);
			defaultConfigurationIsVisible = 0;
			defaultConfigurationName = Release;
		};
		8CC676612B719A57002687D3 /* Build configuration list for PBXNativeTarget "mnmlstUITests" */ = {
			isa = XCConfigurationList;
			buildConfigurations = (
				8CC676622B719A57002687D3 /* Debug */,
				8CC676632B719A57002687D3 /* Release */,
			);
			defaultConfigurationIsVisible = 0;
			defaultConfigurationName = Release;
		};
/* End XCConfigurationList section */
	};
	rootObject = 8CC6762F2B719A55002687D3 /* Project object */;
}
